// !$*UTF8*$!
{
	archiveVersion = 1;
	classes = {
	};
	objectVersion = 50;
	objects = {

/* Begin PBXBuildFile section */
		4A369B09258914A600908480 /* StartGameScene.swift in Sources */ = {isa = PBXBuildFile; fileRef = 4A369B08258914A600908480 /* StartGameScene.swift */; };
		4A42558C2576931700EF070F /* SpaceInvaderApp.swift in Sources */ = {isa = PBXBuildFile; fileRef = 4A42558B2576931700EF070F /* SpaceInvaderApp.swift */; };
		4A42558E2576931700EF070F /* SpaceView.swift in Sources */ = {isa = PBXBuildFile; fileRef = 4A42558D2576931700EF070F /* SpaceView.swift */; };
		4A4255902576931800EF070F /* Assets.xcassets in Resources */ = {isa = PBXBuildFile; fileRef = 4A42558F2576931800EF070F /* Assets.xcassets */; };
		4A4255932576931800EF070F /* Preview Assets.xcassets in Resources */ = {isa = PBXBuildFile; fileRef = 4A4255922576931800EF070F /* Preview Assets.xcassets */; };
		4A4255A22576A3C800EF070F /* SpaceGame.swift in Sources */ = {isa = PBXBuildFile; fileRef = 4A4255A12576A3C800EF070F /* SpaceGame.swift */; };
		BFC40F0025826E7F0001A477 /* InstructionView.swift in Sources */ = {isa = PBXBuildFile; fileRef = BFC40EFF25826E7F0001A477 /* InstructionView.swift */; };
/* End PBXBuildFile section */

/* Begin PBXFileReference section */
		4A369B08258914A600908480 /* StartGameScene.swift */ = {isa = PBXFileReference; fileEncoding = 4; lastKnownFileType = sourcecode.swift; path = StartGameScene.swift; sourceTree = "<group>"; };
		4A4255882576931700EF070F /* SpaceInvader.app */ = {isa = PBXFileReference; explicitFileType = wrapper.application; includeInIndex = 0; path = SpaceInvader.app; sourceTree = BUILT_PRODUCTS_DIR; };
		4A42558B2576931700EF070F /* SpaceInvaderApp.swift */ = {isa = PBXFileReference; lastKnownFileType = sourcecode.swift; path = SpaceInvaderApp.swift; sourceTree = "<group>"; };
		4A42558D2576931700EF070F /* SpaceView.swift */ = {isa = PBXFileReference; lastKnownFileType = sourcecode.swift; path = SpaceView.swift; sourceTree = "<group>"; };
		4A42558F2576931800EF070F /* Assets.xcassets */ = {isa = PBXFileReference; lastKnownFileType = folder.assetcatalog; path = Assets.xcassets; sourceTree = "<group>"; };
		4A4255922576931800EF070F /* Preview Assets.xcassets */ = {isa = PBXFileReference; lastKnownFileType = folder.assetcatalog; path = "Preview Assets.xcassets"; sourceTree = "<group>"; };
		4A4255942576931800EF070F /* Info.plist */ = {isa = PBXFileReference; lastKnownFileType = text.plist.xml; path = Info.plist; sourceTree = "<group>"; };
		4A4255A12576A3C800EF070F /* SpaceGame.swift */ = {isa = PBXFileReference; lastKnownFileType = sourcecode.swift; path = SpaceGame.swift; sourceTree = "<group>"; };
		BFC40EFF25826E7F0001A477 /* InstructionView.swift */ = {isa = PBXFileReference; lastKnownFileType = sourcecode.swift; path = InstructionView.swift; sourceTree = "<group>"; };
/* End PBXFileReference section */

/* Begin PBXFrameworksBuildPhase section */
		4A4255852576931700EF070F /* Frameworks */ = {
			isa = PBXFrameworksBuildPhase;
			buildActionMask = 2147483647;
			files = (
			);
			runOnlyForDeploymentPostprocessing = 0;
		};
/* End PBXFrameworksBuildPhase section */

/* Begin PBXGroup section */
		4A42557F2576931700EF070F = {
			isa = PBXGroup;
			children = (
				4A42558A2576931700EF070F /* SpaceInvader */,
				4A4255892576931700EF070F /* Products */,
			);
			sourceTree = "<group>";
		};
		4A4255892576931700EF070F /* Products */ = {
			isa = PBXGroup;
			children = (
				4A4255882576931700EF070F /* SpaceInvader.app */,
			);
			name = Products;
			sourceTree = "<group>";
		};
		4A42558A2576931700EF070F /* SpaceInvader */ = {
			isa = PBXGroup;
			children = (
				4A42559B2576933A00EF070F /* Resources */,
				4A42559F2576A39200EF070F /* View */,
				4A4255912576931800EF070F /* Preview Content */,
			);
			path = SpaceInvader;
			sourceTree = "<group>";
		};
		4A4255912576931800EF070F /* Preview Content */ = {
			isa = PBXGroup;
			children = (
				4A4255922576931800EF070F /* Preview Assets.xcassets */,
			);
			path = "Preview Content";
			sourceTree = "<group>";
		};
		4A42559B2576933A00EF070F /* Resources */ = {
			isa = PBXGroup;
			children = (
				4A42558B2576931700EF070F /* SpaceInvaderApp.swift */,
				4A42558F2576931800EF070F /* Assets.xcassets */,
				4A4255942576931800EF070F /* Info.plist */,
			);
			path = Resources;
			sourceTree = "<group>";
		};
		4A42559F2576A39200EF070F /* View */ = {
			isa = PBXGroup;
			children = (
				4A42558D2576931700EF070F /* SpaceView.swift */,
				4A4255A12576A3C800EF070F /* SpaceGame.swift */,
				BFC40EFF25826E7F0001A477 /* InstructionView.swift */,
				4A369B08258914A600908480 /* StartGameScene.swift */,
			);
			path = View;
			sourceTree = "<group>";
		};
/* End PBXGroup section */

/* Begin PBXNativeTarget section */
		4A4255872576931700EF070F /* SpaceInvader */ = {
			isa = PBXNativeTarget;
			buildConfigurationList = 4A4255972576931800EF070F /* Build configuration list for PBXNativeTarget "SpaceInvader" */;
			buildPhases = (
				4A4255842576931700EF070F /* Sources */,
				4A4255852576931700EF070F /* Frameworks */,
				4A4255862576931700EF070F /* Resources */,
			);
			buildRules = (
			);
			dependencies = (
			);
			name = SpaceInvader;
			productName = SpaceInvader;
			productReference = 4A4255882576931700EF070F /* SpaceInvader.app */;
			productType = "com.apple.product-type.application";
		};
/* End PBXNativeTarget section */

/* Begin PBXProject section */
		4A4255802576931700EF070F /* Project object */ = {
			isa = PBXProject;
			attributes = {
				LastSwiftUpdateCheck = 1220;
				LastUpgradeCheck = 1220;
				TargetAttributes = {
					4A4255872576931700EF070F = {
						CreatedOnToolsVersion = 12.2;
					};
				};
			};
			buildConfigurationList = 4A4255832576931700EF070F /* Build configuration list for PBXProject "SpaceInvader" */;
			compatibilityVersion = "Xcode 9.3";
			developmentRegion = en;
			hasScannedForEncodings = 0;
			knownRegions = (
				en,
				Base,
			);
			mainGroup = 4A42557F2576931700EF070F;
			productRefGroup = 4A4255892576931700EF070F /* Products */;
			projectDirPath = "";
			projectRoot = "";
			targets = (
				4A4255872576931700EF070F /* SpaceInvader */,
			);
		};
/* End PBXProject section */

/* Begin PBXResourcesBuildPhase section */
		4A4255862576931700EF070F /* Resources */ = {
			isa = PBXResourcesBuildPhase;
			buildActionMask = 2147483647;
			files = (
				4A4255932576931800EF070F /* Preview Assets.xcassets in Resources */,
				4A4255902576931800EF070F /* Assets.xcassets in Resources */,
			);
			runOnlyForDeploymentPostprocessing = 0;
		};
/* End PBXResourcesBuildPhase section */

/* Begin PBXSourcesBuildPhase section */
		4A4255842576931700EF070F /* Sources */ = {
			isa = PBXSourcesBuildPhase;
			buildActionMask = 2147483647;
			files = (
				4A4255A22576A3C800EF070F /* SpaceGame.swift in Sources */,
				BFC40F0025826E7F0001A477 /* InstructionView.swift in Sources */,
				4A369B09258914A600908480 /* StartGameScene.swift in Sources */,
				4A42558E2576931700EF070F /* SpaceView.swift in Sources */,
				4A42558C2576931700EF070F /* SpaceInvaderApp.swift in Sources */,
			);
			runOnlyForDeploymentPostprocessing = 0;
		};
/* End PBXSourcesBuildPhase section */

/* Begin XCBuildConfiguration section */
		4A4255952576931800EF070F /* Debug */ = {
			isa = XCBuildConfiguration;
			buildSettings = {
				ALWAYS_SEARCH_USER_PATHS = NO;
				CLANG_ANALYZER_NONNULL = YES;
				CLANG_ANALYZER_NUMBER_OBJECT_CONVERSION = YES_AGGRESSIVE;
				CLANG_CXX_LANGUAGE_STANDARD = "gnu++14";
				CLANG_CXX_LIBRARY = "libc++";
				CLANG_ENABLE_MODULES = YES;
				CLANG_ENABLE_OBJC_ARC = YES;
				CLANG_ENABLE_OBJC_WEAK = YES;
				CLANG_WARN_BLOCK_CAPTURE_AUTORELEASING = YES;
				CLANG_WARN_BOOL_CONVERSION = YES;
				CLANG_WARN_COMMA = YES;
				CLANG_WARN_CONSTANT_CONVERSION = YES;
				CLANG_WARN_DEPRECATED_OBJC_IMPLEMENTATIONS = YES;
				CLANG_WARN_DIRECT_OBJC_ISA_USAGE = YES_ERROR;
				CLANG_WARN_DOCUMENTATION_COMMENTS = YES;
				CLANG_WARN_EMPTY_BODY = YES;
				CLANG_WARN_ENUM_CONVERSION = YES;
				CLANG_WARN_INFINITE_RECURSION = YES;
				CLANG_WARN_INT_CONVERSION = YES;
				CLANG_WARN_NON_LITERAL_NULL_CONVERSION = YES;
				CLANG_WARN_OBJC_IMPLICIT_RETAIN_SELF = YES;
				CLANG_WARN_OBJC_LITERAL_CONVERSION = YES;
				CLANG_WARN_OBJC_ROOT_CLASS = YES_ERROR;
				CLANG_WARN_QUOTED_INCLUDE_IN_FRAMEWORK_HEADER = YES;
				CLANG_WARN_RANGE_LOOP_ANALYSIS = YES;
				CLANG_WARN_STRICT_PROTOTYPES = YES;
				CLANG_WARN_SUSPICIOUS_MOVE = YES;
				CLANG_WARN_UNGUARDED_AVAILABILITY = YES_AGGRESSIVE;
				CLANG_WARN_UNREACHABLE_CODE = YES;
				CLANG_WARN__DUPLICATE_METHOD_MATCH = YES;
				COPY_PHASE_STRIP = NO;
				DEBUG_INFORMATION_FORMAT = dwarf;
				ENABLE_STRICT_OBJC_MSGSEND = YES;
				ENABLE_TESTABILITY = YES;
				GCC_C_LANGUAGE_STANDARD = gnu11;
				GCC_DYNAMIC_NO_PIC = NO;
				GCC_NO_COMMON_BLOCKS = YES;
				GCC_OPTIMIZATION_LEVEL = 0;
				GCC_PREPROCESSOR_DEFINITIONS = (
					"DEBUG=1",
					"$(inherited)",
				);
				GCC_WARN_64_TO_32_BIT_CONVERSION = YES;
				GCC_WARN_ABOUT_RETURN_TYPE = YES_ERROR;
				GCC_WARN_UNDECLARED_SELECTOR = YES;
				GCC_WARN_UNINITIALIZED_AUTOS = YES_AGGRESSIVE;
				GCC_WARN_UNUSED_FUNCTION = YES;
				GCC_WARN_UNUSED_VARIABLE = YES;
				IPHONEOS_DEPLOYMENT_TARGET = 14.2;
				MTL_ENABLE_DEBUG_INFO = INCLUDE_SOURCE;
				MTL_FAST_MATH = YES;
				ONLY_ACTIVE_ARCH = YES;
				SDKROOT = iphoneos;
				SWIFT_ACTIVE_COMPILATION_CONDITIONS = DEBUG;
				SWIFT_OPTIMIZATION_LEVEL = "-Onone";
			};
			name = Debug;
		};
		4A4255962576931800EF070F /* Release */ = {
			isa = XCBuildConfiguration;
			buildSettings = {
				ALWAYS_SEARCH_USER_PATHS = NO;
				CLANG_ANALYZER_NONNULL = YES;
				CLANG_ANALYZER_NUMBER_OBJECT_CONVERSION = YES_AGGRESSIVE;
				CLANG_CXX_LANGUAGE_STANDARD = "gnu++14";
				CLANG_CXX_LIBRARY = "libc++";
				CLANG_ENABLE_MODULES = YES;
				CLANG_ENABLE_OBJC_ARC = YES;
				CLANG_ENABLE_OBJC_WEAK = YES;
				CLANG_WARN_BLOCK_CAPTURE_AUTORELEASING = YES;
				CLANG_WARN_BOOL_CONVERSION = YES;
				CLANG_WARN_COMMA = YES;
				CLANG_WARN_CONSTANT_CONVERSION = YES;
				CLANG_WARN_DEPRECATED_OBJC_IMPLEMENTATIONS = YES;
				CLANG_WARN_DIRECT_OBJC_ISA_USAGE = YES_ERROR;
				CLANG_WARN_DOCUMENTATION_COMMENTS = YES;
				CLANG_WARN_EMPTY_BODY = YES;
				CLANG_WARN_ENUM_CONVERSION = YES;
				CLANG_WARN_INFINITE_RECURSION = YES;
				CLANG_WARN_INT_CONVERSION = YES;
				CLANG_WARN_NON_LITERAL_NULL_CONVERSION = YES;
				CLANG_WARN_OBJC_IMPLICIT_RETAIN_SELF = YES;
				CLANG_WARN_OBJC_LITERAL_CONVERSION = YES;
				CLANG_WARN_OBJC_ROOT_CLASS = YES_ERROR;
				CLANG_WARN_QUOTED_INCLUDE_IN_FRAMEWORK_HEADER = YES;
				CLANG_WARN_RANGE_LOOP_ANALYSIS = YES;
				CLANG_WARN_STRICT_PROTOTYPES = YES;
				CLANG_WARN_SUSPICIOUS_MOVE = YES;
				CLANG_WARN_UNGUARDED_AVAILABILITY = YES_AGGRESSIVE;
				CLANG_WARN_UNREACHABLE_CODE = YES;
				CLANG_WARN__DUPLICATE_METHOD_MATCH = YES;
				COPY_PHASE_STRIP = NO;
				DEBUG_INFORMATION_FORMAT = "dwarf-with-dsym";
				ENABLE_NS_ASSERTIONS = NO;
				ENABLE_STRICT_OBJC_MSGSEND = YES;
				GCC_C_LANGUAGE_STANDARD = gnu11;
				GCC_NO_COMMON_BLOCKS = YES;
				GCC_WARN_64_TO_32_BIT_CONVERSION = YES;
				GCC_WARN_ABOUT_RETURN_TYPE = YES_ERROR;
				GCC_WARN_UNDECLARED_SELECTOR = YES;
				GCC_WARN_UNINITIALIZED_AUTOS = YES_AGGRESSIVE;
				GCC_WARN_UNUSED_FUNCTION = YES;
				GCC_WARN_UNUSED_VARIABLE = YES;
				IPHONEOS_DEPLOYMENT_TARGET = 14.2;
				MTL_ENABLE_DEBUG_INFO = NO;
				MTL_FAST_MATH = YES;
				SDKROOT = iphoneos;
				SWIFT_COMPILATION_MODE = wholemodule;
				SWIFT_OPTIMIZATION_LEVEL = "-O";
				VALIDATE_PRODUCT = YES;
			};
			name = Release;
		};
		4A4255982576931800EF070F /* Debug */ = {
			isa = XCBuildConfiguration;
			buildSettings = {
				ASSETCATALOG_COMPILER_APPICON_NAME = AppIcon;
				ASSETCATALOG_COMPILER_GLOBAL_ACCENT_COLOR_NAME = AccentColor;
				CODE_SIGN_STYLE = Automatic;
				DEVELOPMENT_ASSET_PATHS = "\"SpaceInvader/Preview Content\"";
				ENABLE_PREVIEWS = YES;
				INFOPLIST_FILE = SpaceInvader/Resources/Info.plist;
				IPHONEOS_DEPLOYMENT_TARGET = 14.0;
				LD_RUNPATH_SEARCH_PATHS = (
					"$(inherited)",
					"@executable_path/Frameworks",
				);
				PRODUCT_BUNDLE_IDENTIFIER = CTEC.SpaceInvader;
				PRODUCT_NAME = "$(TARGET_NAME)";
				SWIFT_VERSION = 5.0;
				TARGETED_DEVICE_FAMILY = "1,2";
			};
			name = Debug;
		};
		4A4255992576931800EF070F /* Release */ = {
			isa = XCBuildConfiguration;
			buildSettings = {
				ASSETCATALOG_COMPILER_APPICON_NAME = AppIcon;
				ASSETCATALOG_COMPILER_GLOBAL_ACCENT_COLOR_NAME = AccentColor;
				CODE_SIGN_STYLE = Automatic;
				DEVELOPMENT_ASSET_PATHS = "\"SpaceInvader/Preview Content\"";
				ENABLE_PREVIEWS = YES;
				INFOPLIST_FILE = SpaceInvader/Resources/Info.plist;
				IPHONEOS_DEPLOYMENT_TARGET = 14.0;
				LD_RUNPATH_SEARCH_PATHS = (
					"$(inherited)",
					"@executable_path/Frameworks",
				);
				PRODUCT_BUNDLE_IDENTIFIER = CTEC.SpaceInvader;
				PRODUCT_NAME = "$(TARGET_NAME)";
				SWIFT_VERSION = 5.0;
				TARGETED_DEVICE_FAMILY = "1,2";
			};
			name = Release;
		};
/* End XCBuildConfiguration section */

/* Begin XCConfigurationList section */
		4A4255832576931700EF070F /* Build configuration list for PBXProject "SpaceInvader" */ = {
			isa = XCConfigurationList;
			buildConfigurations = (
				4A4255952576931800EF070F /* Debug */,
				4A4255962576931800EF070F /* Release */,
			);
			defaultConfigurationIsVisible = 0;
			defaultConfigurationName = Release;
		};
		4A4255972576931800EF070F /* Build configuration list for PBXNativeTarget "SpaceInvader" */ = {
			isa = XCConfigurationList;
			buildConfigurations = (
				4A4255982576931800EF070F /* Debug */,
				4A4255992576931800EF070F /* Release */,
			);
			defaultConfigurationIsVisible = 0;
			defaultConfigurationName = Release;
		};
/* End XCConfigurationList section */
	};
	rootObject = 4A4255802576931700EF070F /* Project object */;
}
